
Microsoft Visual Studio Solution File, Format Version 12.00
# Visual Studio Version 16
VisualStudioVersion = 16.0.31005.135
MinimumVisualStudioVersion = 10.0.40219.1
Project("{FAE04EC0-301F-11D3-BF4B-00C04F79EFBC}") = "Lesson_3", "Lesson_3\Lesson_3.csproj", "{6700EDF2-9DEC-4059-8C7C-0CE9F7168D3E}"
EndProject
Global
	GlobalSection(SolutionConfigurationPlatforms) = preSolution
		Debug|Any CPU = Debug|Any CPU
		Release|Any CPU = Release|Any CPU
	EndGlobalSection
	GlobalSection(ProjectConfigurationPlatforms) = postSolution
		{6700EDF2-9DEC-4059-8C7C-0CE9F7168D3E}.Debug|Any CPU.ActiveCfg = Debug|Any CPU
		{6700EDF2-9DEC-4059-8C7C-0CE9F7168D3E}.Debug|Any CPU.Build.0 = Debug|Any CPU
		{6700EDF2-9DEC-4059-8C7C-0CE9F7168D3E}.Release|Any CPU.ActiveCfg = Release|Any CPU
		{6700EDF2-9DEC-4059-8C7C-0CE9F7168D3E}.Release|Any CPU.Build.0 = Release|Any CPU
	EndGlobalSection
	GlobalSection(SolutionProperties) = preSolution
		HideSolutionNode = FALSE
	EndGlobalSection
	GlobalSection(ExtensibilityGlobals) = postSolution
		SolutionGuid = {89A6721A-422C-46E3-8090-33B0F02FE22D}
	EndGlobalSection
EndGlobal
